// !$*UTF8*$!
{
	archiveVersion = 1;
	classes = {
	};
	objectVersion = 55;
	objects = {

/* Begin PBXBuildFile section */
		84C32A2828927002009BB96A /* AppDelegate.m in Sources */ = {isa = PBXBuildFile; fileRef = 84C32A2728927002009BB96A /* AppDelegate.m */; };
		84C32A2B28927002009BB96A /* SceneDelegate.m in Sources */ = {isa = PBXBuildFile; fileRef = 84C32A2A28927002009BB96A /* SceneDelegate.m */; };
		84C32A2E28927002009BB96A /* ViewController.m in Sources */ = {isa = PBXBuildFile; fileRef = 84C32A2D28927002009BB96A /* ViewController.m */; };
		84C32A3128927002009BB96A /* Main.storyboard in Resources */ = {isa = PBXBuildFile; fileRef = 84C32A2F28927002009BB96A /* Main.storyboard */; };
		84C32A3328927004009BB96A /* Assets.xcassets in Resources */ = {isa = PBXBuildFile; fileRef = 84C32A3228927004009BB96A /* Assets.xcassets */; };
		84C32A3628927004009BB96A /* LaunchScreen.storyboard in Resources */ = {isa = PBXBuildFile; fileRef = 84C32A3428927004009BB96A /* LaunchScreen.storyboard */; };
		84C32A3928927004009BB96A /* main.m in Sources */ = {isa = PBXBuildFile; fileRef = 84C32A3828927004009BB96A /* main.m */; };
		84C32A4328927004009BB96A /* TestUNNotificationTests.m in Sources */ = {isa = PBXBuildFile; fileRef = 84C32A4228927004009BB96A /* TestUNNotificationTests.m */; };
		84C32A4D28927004009BB96A /* TestUNNotificationUITests.m in Sources */ = {isa = PBXBuildFile; fileRef = 84C32A4C28927004009BB96A /* TestUNNotificationUITests.m */; };
		84C32A4F28927004009BB96A /* TestUNNotificationUITestsLaunchTests.m in Sources */ = {isa = PBXBuildFile; fileRef = 84C32A4E28927004009BB96A /* TestUNNotificationUITestsLaunchTests.m */; };
/* End PBXBuildFile section */

/* Begin PBXContainerItemProxy section */
		84C32A3F28927004009BB96A /* PBXContainerItemProxy */ = {
			isa = PBXContainerItemProxy;
			containerPortal = 84C32A1B28927002009BB96A /* Project object */;
			proxyType = 1;
			remoteGlobalIDString = 84C32A2228927002009BB96A;
			remoteInfo = TestUNNotification;
		};
		84C32A4928927004009BB96A /* PBXContainerItemProxy */ = {
			isa = PBXContainerItemProxy;
			containerPortal = 84C32A1B28927002009BB96A /* Project object */;
			proxyType = 1;
			remoteGlobalIDString = 84C32A2228927002009BB96A;
			remoteInfo = TestUNNotification;
		};
/* End PBXContainerItemProxy section */

/* Begin PBXFileReference section */
		84C32A2328927002009BB96A /* TestUNNotification.app */ = {isa = PBXFileReference; explicitFileType = wrapper.application; includeInIndex = 0; path = TestUNNotification.app; sourceTree = BUILT_PRODUCTS_DIR; };
		84C32A2628927002009BB96A /* AppDelegate.h */ = {isa = PBXFileReference; lastKnownFileType = sourcecode.c.h; path = AppDelegate.h; sourceTree = "<group>"; };
		84C32A2728927002009BB96A /* AppDelegate.m */ = {isa = PBXFileReference; lastKnownFileType = sourcecode.c.objc; path = AppDelegate.m; sourceTree = "<group>"; };
		84C32A2928927002009BB96A /* SceneDelegate.h */ = {isa = PBXFileReference; lastKnownFileType = sourcecode.c.h; path = SceneDelegate.h; sourceTree = "<group>"; };
		84C32A2A28927002009BB96A /* SceneDelegate.m */ = {isa = PBXFileReference; lastKnownFileType = sourcecode.c.objc; path = SceneDelegate.m; sourceTree = "<group>"; };
		84C32A2C28927002009BB96A /* ViewController.h */ = {isa = PBXFileReference; lastKnownFileType = sourcecode.c.h; path = ViewController.h; sourceTree = "<group>"; };
		84C32A2D28927002009BB96A /* ViewController.m */ = {isa = PBXFileReference; lastKnownFileType = sourcecode.c.objc; path = ViewController.m; sourceTree = "<group>"; };
		84C32A3028927002009BB96A /* Base */ = {isa = PBXFileReference; lastKnownFileType = file.storyboard; name = Base; path = Base.lproj/Main.storyboard; sourceTree = "<group>"; };
		84C32A3228927004009BB96A /* Assets.xcassets */ = {isa = PBXFileReference; lastKnownFileType = folder.assetcatalog; path = Assets.xcassets; sourceTree = "<group>"; };
		84C32A3528927004009BB96A /* Base */ = {isa = PBXFileReference; lastKnownFileType = file.storyboard; name = Base; path = Base.lproj/LaunchScreen.storyboard; sourceTree = "<group>"; };
		84C32A3728927004009BB96A /* Info.plist */ = {isa = PBXFileReference; lastKnownFileType = text.plist.xml; path = Info.plist; sourceTree = "<group>"; };
		84C32A3828927004009BB96A /* main.m */ = {isa = PBXFileReference; lastKnownFileType = sourcecode.c.objc; path = main.m; sourceTree = "<group>"; };
		84C32A3E28927004009BB96A /* TestUNNotificationTests.xctest */ = {isa = PBXFileReference; explicitFileType = wrapper.cfbundle; includeInIndex = 0; path = TestUNNotificationTests.xctest; sourceTree = BUILT_PRODUCTS_DIR; };
		84C32A4228927004009BB96A /* TestUNNotificationTests.m */ = {isa = PBXFileReference; lastKnownFileType = sourcecode.c.objc; path = TestUNNotificationTests.m; sourceTree = "<group>"; };
		84C32A4828927004009BB96A /* TestUNNotificationUITests.xctest */ = {isa = PBXFileReference; explicitFileType = wrapper.cfbundle; includeInIndex = 0; path = TestUNNotificationUITests.xctest; sourceTree = BUILT_PRODUCTS_DIR; };
		84C32A4C28927004009BB96A /* TestUNNotificationUITests.m */ = {isa = PBXFileReference; lastKnownFileType = sourcecode.c.objc; path = TestUNNotificationUITests.m; sourceTree = "<group>"; };
		84C32A4E28927004009BB96A /* TestUNNotificationUITestsLaunchTests.m */ = {isa = PBXFileReference; lastKnownFileType = sourcecode.c.objc; path = TestUNNotificationUITestsLaunchTests.m; sourceTree = "<group>"; };
/* End PBXFileReference section */

/* Begin PBXFrameworksBuildPhase section */
		84C32A2028927002009BB96A /* Frameworks */ = {
			isa = PBXFrameworksBuildPhase;
			buildActionMask = 2147483647;
			files = (
			);
			runOnlyForDeploymentPostprocessing = 0;
		};
		84C32A3B28927004009BB96A /* Frameworks */ = {
			isa = PBXFrameworksBuildPhase;
			buildActionMask = 2147483647;
			files = (
			);
			runOnlyForDeploymentPostprocessing = 0;
		};
		84C32A4528927004009BB96A /* Frameworks */ = {
			isa = PBXFrameworksBuildPhase;
			buildActionMask = 2147483647;
			files = (
			);
			runOnlyForDeploymentPostprocessing = 0;
		};
/* End PBXFrameworksBuildPhase section */

/* Begin PBXGroup section */
		84C32A1A28927002009BB96A = {
			isa = PBXGroup;
			children = (
				84C32A2528927002009BB96A /* TestUNNotification */,
				84C32A4128927004009BB96A /* TestUNNotificationTests */,
				84C32A4B28927004009BB96A /* TestUNNotificationUITests */,
				84C32A2428927002009BB96A /* Products */,
			);
			sourceTree = "<group>";
		};
		84C32A2428927002009BB96A /* Products */ = {
			isa = PBXGroup;
			children = (
				84C32A2328927002009BB96A /* TestUNNotification.app */,
				84C32A3E28927004009BB96A /* TestUNNotificationTests.xctest */,
				84C32A4828927004009BB96A /* TestUNNotificationUITests.xctest */,
			);
			name = Products;
			sourceTree = "<group>";
		};
		84C32A2528927002009BB96A /* TestUNNotification */ = {
			isa = PBXGroup;
			children = (
				84C32A2628927002009BB96A /* AppDelegate.h */,
				84C32A2728927002009BB96A /* AppDelegate.m */,
				84C32A2928927002009BB96A /* SceneDelegate.h */,
				84C32A2A28927002009BB96A /* SceneDelegate.m */,
				84C32A2C28927002009BB96A /* ViewController.h */,
				84C32A2D28927002009BB96A /* ViewController.m */,
				84C32A2F28927002009BB96A /* Main.storyboard */,
				84C32A3228927004009BB96A /* Assets.xcassets */,
				84C32A3428927004009BB96A /* LaunchScreen.storyboard */,
				84C32A3728927004009BB96A /* Info.plist */,
				84C32A3828927004009BB96A /* main.m */,
			);
			path = TestUNNotification;
			sourceTree = "<group>";
		};
		84C32A4128927004009BB96A /* TestUNNotificationTests */ = {
			isa = PBXGroup;
			children = (
				84C32A4228927004009BB96A /* TestUNNotificationTests.m */,
			);
			path = TestUNNotificationTests;
			sourceTree = "<group>";
		};
		84C32A4B28927004009BB96A /* TestUNNotificationUITests */ = {
			isa = PBXGroup;
			children = (
				84C32A4C28927004009BB96A /* TestUNNotificationUITests.m */,
				84C32A4E28927004009BB96A /* TestUNNotificationUITestsLaunchTests.m */,
			);
			path = TestUNNotificationUITests;
			sourceTree = "<group>";
		};
/* End PBXGroup section */

/* Begin PBXNativeTarget section */
		84C32A2228927002009BB96A /* TestUNNotification */ = {
			isa = PBXNativeTarget;
			buildConfigurationList = 84C32A5228927004009BB96A /* Build configuration list for PBXNativeTarget "TestUNNotification" */;
			buildPhases = (
				84C32A1F28927002009BB96A /* Sources */,
				84C32A2028927002009BB96A /* Frameworks */,
				84C32A2128927002009BB96A /* Resources */,
			);
			buildRules = (
			);
			dependencies = (
			);
			name = TestUNNotification;
			productName = TestUNNotification;
			productReference = 84C32A2328927002009BB96A /* TestUNNotification.app */;
			productType = "com.apple.product-type.application";
		};
		84C32A3D28927004009BB96A /* TestUNNotificationTests */ = {
			isa = PBXNativeTarget;
			buildConfigurationList = 84C32A5528927004009BB96A /* Build configuration list for PBXNativeTarget "TestUNNotificationTests" */;
			buildPhases = (
				84C32A3A28927004009BB96A /* Sources */,
				84C32A3B28927004009BB96A /* Frameworks */,
				84C32A3C28927004009BB96A /* Resources */,
			);
			buildRules = (
			);
			dependencies = (
				84C32A4028927004009BB96A /* PBXTargetDependency */,
			);
			name = TestUNNotificationTests;
			productName = TestUNNotificationTests;
			productReference = 84C32A3E28927004009BB96A /* TestUNNotificationTests.xctest */;
			productType = "com.apple.product-type.bundle.unit-test";
		};
		84C32A4728927004009BB96A /* TestUNNotificationUITests */ = {
			isa = PBXNativeTarget;
			buildConfigurationList = 84C32A5828927004009BB96A /* Build configuration list for PBXNativeTarget "TestUNNotificationUITests" */;
			buildPhases = (
				84C32A4428927004009BB96A /* Sources */,
				84C32A4528927004009BB96A /* Frameworks */,
				84C32A4628927004009BB96A /* Resources */,
			);
			buildRules = (
			);
			dependencies = (
				84C32A4A28927004009BB96A /* PBXTargetDependency */,
			);
			name = TestUNNotificationUITests;
			productName = TestUNNotificationUITests;
			productReference = 84C32A4828927004009BB96A /* TestUNNotificationUITests.xctest */;
			productType = "com.apple.product-type.bundle.ui-testing";
		};
/* End PBXNativeTarget section */

/* Begin PBXProject section */
		84C32A1B28927002009BB96A /* Project object */ = {
			isa = PBXProject;
			attributes = {
				BuildIndependentTargetsInParallel = 1;
				LastUpgradeCheck = 1340;
				TargetAttributes = {
					84C32A2228927002009BB96A = {
						CreatedOnToolsVersion = 13.4.1;
					};
					84C32A3D28927004009BB96A = {
						CreatedOnToolsVersion = 13.4.1;
						TestTargetID = 84C32A2228927002009BB96A;
					};
					84C32A4728927004009BB96A = {
						CreatedOnToolsVersion = 13.4.1;
						TestTargetID = 84C32A2228927002009BB96A;
					};
				};
			};
			buildConfigurationList = 84C32A1E28927002009BB96A /* Build configuration list for PBXProject "TestUNNotification" */;
			compatibilityVersion = "Xcode 13.0";
			developmentRegion = en;
			hasScannedForEncodings = 0;
			knownRegions = (
				en,
				Base,
			);
			mainGroup = 84C32A1A28927002009BB96A;
			productRefGroup = 84C32A2428927002009BB96A /* Products */;
			projectDirPath = "";
			projectRoot = "";
			targets = (
				84C32A2228927002009BB96A /* TestUNNotification */,
				84C32A3D28927004009BB96A /* TestUNNotificationTests */,
				84C32A4728927004009BB96A /* TestUNNotificationUITests */,
			);
		};
/* End PBXProject section */

/* Begin PBXResourcesBuildPhase section */
		84C32A2128927002009BB96A /* Resources */ = {
			isa = PBXResourcesBuildPhase;
			buildActionMask = 2147483647;
			files = (
				84C32A3628927004009BB96A /* LaunchScreen.storyboard in Resources */,
				84C32A3328927004009BB96A /* Assets.xcassets in Resources */,
				84C32A3128927002009BB96A /* Main.storyboard in Resources */,
			);
			runOnlyForDeploymentPostprocessing = 0;
		};
		84C32A3C28927004009BB96A /* Resources */ = {
			isa = PBXResourcesBuildPhase;
			buildActionMask = 2147483647;
			files = (
			);
			runOnlyForDeploymentPostprocessing = 0;
		};
		84C32A4628927004009BB96A /* Resources */ = {
			isa = PBXResourcesBuildPhase;
			buildActionMask = 2147483647;
			files = (
			);
			runOnlyForDeploymentPostprocessing = 0;
		};
/* End PBXResourcesBuildPhase section */

/* Begin PBXSourcesBuildPhase section */
		84C32A1F28927002009BB96A /* Sources */ = {
			isa = PBXSourcesBuildPhase;
			buildActionMask = 2147483647;
			files = (
				84C32A2E28927002009BB96A /* ViewController.m in Sources */,
				84C32A2828927002009BB96A /* AppDelegate.m in Sources */,
				84C32A3928927004009BB96A /* main.m in Sources */,
				84C32A2B28927002009BB96A /* SceneDelegate.m in Sources */,
			);
			runOnlyForDeploymentPostprocessing = 0;
		};
		84C32A3A28927004009BB96A /* Sources */ = {
			isa = PBXSourcesBuildPhase;
			buildActionMask = 2147483647;
			files = (
				84C32A4328927004009BB96A /* TestUNNotificationTests.m in Sources */,
			);
			runOnlyForDeploymentPostprocessing = 0;
		};
		84C32A4428927004009BB96A /* Sources */ = {
			isa = PBXSourcesBuildPhase;
			buildActionMask = 2147483647;
			files = (
				84C32A4F28927004009BB96A /* TestUNNotificationUITestsLaunchTests.m in Sources */,
				84C32A4D28927004009BB96A /* TestUNNotificationUITests.m in Sources */,
			);
			runOnlyForDeploymentPostprocessing = 0;
		};
/* End PBXSourcesBuildPhase section */

/* Begin PBXTargetDependency section */
		84C32A4028927004009BB96A /* PBXTargetDependency */ = {
			isa = PBXTargetDependency;
			target = 84C32A2228927002009BB96A /* TestUNNotification */;
			targetProxy = 84C32A3F28927004009BB96A /* PBXContainerItemProxy */;
		};
		84C32A4A28927004009BB96A /* PBXTargetDependency */ = {
			isa = PBXTargetDependency;
			target = 84C32A2228927002009BB96A /* TestUNNotification */;
			targetProxy = 84C32A4928927004009BB96A /* PBXContainerItemProxy */;
		};
/* End PBXTargetDependency section */

/* Begin PBXVariantGroup section */
		84C32A2F28927002009BB96A /* Main.storyboard */ = {
			isa = PBXVariantGroup;
			children = (
				84C32A3028927002009BB96A /* Base */,
			);
			name = Main.storyboard;
			sourceTree = "<group>";
		};
		84C32A3428927004009BB96A /* LaunchScreen.storyboard */ = {
			isa = PBXVariantGroup;
			children = (
				84C32A3528927004009BB96A /* Base */,
			);
			name = LaunchScreen.storyboard;
			sourceTree = "<group>";
		};
/* End PBXVariantGroup section */

/* Begin XCBuildConfiguration section */
		84C32A5028927004009BB96A /* Debug */ = {
			isa = XCBuildConfiguration;
			buildSettings = {
				ALWAYS_SEARCH_USER_PATHS = NO;
				CLANG_ANALYZER_NONNULL = YES;
				CLANG_ANALYZER_NUMBER_OBJECT_CONVERSION = YES_AGGRESSIVE;
				CLANG_CXX_LANGUAGE_STANDARD = "gnu++17";
				CLANG_ENABLE_MODULES = YES;
				CLANG_ENABLE_OBJC_ARC = YES;
				CLANG_ENABLE_OBJC_WEAK = YES;
				CLANG_WARN_BLOCK_CAPTURE_AUTORELEASING = YES;
				CLANG_WARN_BOOL_CONVERSION = YES;
				CLANG_WARN_COMMA = YES;
				CLANG_WARN_CONSTANT_CONVERSION = YES;
				CLANG_WARN_DEPRECATED_OBJC_IMPLEMENTATIONS = YES;
				CLANG_WARN_DIRECT_OBJC_ISA_USAGE = YES_ERROR;
				CLANG_WARN_DOCUMENTATION_COMMENTS = YES;
				CLANG_WARN_EMPTY_BODY = YES;
				CLANG_WARN_ENUM_CONVERSION = YES;
				CLANG_WARN_INFINITE_RECURSION = YES;
				CLANG_WARN_INT_CONVERSION = YES;
				CLANG_WARN_NON_LITERAL_NULL_CONVERSION = YES;
				CLANG_WARN_OBJC_IMPLICIT_RETAIN_SELF = YES;
				CLANG_WARN_OBJC_LITERAL_CONVERSION = YES;
				CLANG_WARN_OBJC_ROOT_CLASS = YES_ERROR;
				CLANG_WARN_QUOTED_INCLUDE_IN_FRAMEWORK_HEADER = YES;
				CLANG_WARN_RANGE_LOOP_ANALYSIS = YES;
				CLANG_WARN_STRICT_PROTOTYPES = YES;
				CLANG_WARN_SUSPICIOUS_MOVE = YES;
				CLANG_WARN_UNGUARDED_AVAILABILITY = YES_AGGRESSIVE;
				CLANG_WARN_UNREACHABLE_CODE = YES;
				CLANG_WARN__DUPLICATE_METHOD_MATCH = YES;
				COPY_PHASE_STRIP = NO;
				DEBUG_INFORMATION_FORMAT = dwarf;
				ENABLE_STRICT_OBJC_MSGSEND = YES;
				ENABLE_TESTABILITY = YES;
				GCC_C_LANGUAGE_STANDARD = gnu11;
				GCC_DYNAMIC_NO_PIC = NO;
				GCC_NO_COMMON_BLOCKS = YES;
				GCC_OPTIMIZATION_LEVEL = 0;
				GCC_PREPROCESSOR_DEFINITIONS = (
					"DEBUG=1",
					"$(inherited)",
				);
				GCC_WARN_64_TO_32_BIT_CONVERSION = YES;
				GCC_WARN_ABOUT_RETURN_TYPE = YES_ERROR;
				GCC_WARN_UNDECLARED_SELECTOR = YES;
				GCC_WARN_UNINITIALIZED_AUTOS = YES_AGGRESSIVE;
				GCC_WARN_UNUSED_FUNCTION = YES;
				GCC_WARN_UNUSED_VARIABLE = YES;
				IPHONEOS_DEPLOYMENT_TARGET = 15.5;
				MTL_ENABLE_DEBUG_INFO = INCLUDE_SOURCE;
				MTL_FAST_MATH = YES;
				ONLY_ACTIVE_ARCH = YES;
				SDKROOT = iphoneos;
			};
			name = Debug;
		};
		84C32A5128927004009BB96A /* Release */ = {
			isa = XCBuildConfiguration;
			buildSettings = {
				ALWAYS_SEARCH_USER_PATHS = NO;
				CLANG_ANALYZER_NONNULL = YES;
				CLANG_ANALYZER_NUMBER_OBJECT_CONVERSION = YES_AGGRESSIVE;
				CLANG_CXX_LANGUAGE_STANDARD = "gnu++17";
				CLANG_ENABLE_MODULES = YES;
				CLANG_ENABLE_OBJC_ARC = YES;
				CLANG_ENABLE_OBJC_WEAK = YES;
				CLANG_WARN_BLOCK_CAPTURE_AUTORELEASING = YES;
				CLANG_WARN_BOOL_CONVERSION = YES;
				CLANG_WARN_COMMA = YES;
				CLANG_WARN_CONSTANT_CONVERSION = YES;
				CLANG_WARN_DEPRECATED_OBJC_IMPLEMENTATIONS = YES;
				CLANG_WARN_DIRECT_OBJC_ISA_USAGE = YES_ERROR;
				CLANG_WARN_DOCUMENTATION_COMMENTS = YES;
				CLANG_WARN_EMPTY_BODY = YES;
				CLANG_WARN_ENUM_CONVERSION = YES;
				CLANG_WARN_INFINITE_RECURSION = YES;
				CLANG_WARN_INT_CONVERSION = YES;
				CLANG_WARN_NON_LITERAL_NULL_CONVERSION = YES;
				CLANG_WARN_OBJC_IMPLICIT_RETAIN_SELF = YES;
				CLANG_WARN_OBJC_LITERAL_CONVERSION = YES;
				CLANG_WARN_OBJC_ROOT_CLASS = YES_ERROR;
				CLANG_WARN_QUOTED_INCLUDE_IN_FRAMEWORK_HEADER = YES;
				CLANG_WARN_RANGE_LOOP_ANALYSIS = YES;
				CLANG_WARN_STRICT_PROTOTYPES = YES;
				CLANG_WARN_SUSPICIOUS_MOVE = YES;
				CLANG_WARN_UNGUARDED_AVAILABILITY = YES_AGGRESSIVE;
				CLANG_WARN_UNREACHABLE_CODE = YES;
				CLANG_WARN__DUPLICATE_METHOD_MATCH = YES;
				COPY_PHASE_STRIP = NO;
				DEBUG_INFORMATION_FORMAT = "dwarf-with-dsym";
				ENABLE_NS_ASSERTIONS = NO;
				ENABLE_STRICT_OBJC_MSGSEND = YES;
				GCC_C_LANGUAGE_STANDARD = gnu11;
				GCC_NO_COMMON_BLOCKS = YES;
				GCC_WARN_64_TO_32_BIT_CONVERSION = YES;
				GCC_WARN_ABOUT_RETURN_TYPE = YES_ERROR;
				GCC_WARN_UNDECLARED_SELECTOR = YES;
				GCC_WARN_UNINITIALIZED_AUTOS = YES_AGGRESSIVE;
				GCC_WARN_UNUSED_FUNCTION = YES;
				GCC_WARN_UNUSED_VARIABLE = YES;
				IPHONEOS_DEPLOYMENT_TARGET = 15.5;
				MTL_ENABLE_DEBUG_INFO = NO;
				MTL_FAST_MATH = YES;
				SDKROOT = iphoneos;
				VALIDATE_PRODUCT = YES;
			};
			name = Release;
		};
		84C32A5328927004009BB96A /* Debug */ = {
			isa = XCBuildConfiguration;
			buildSettings = {
				ASSETCATALOG_COMPILER_APPICON_NAME = AppIcon;
				ASSETCATALOG_COMPILER_GLOBAL_ACCENT_COLOR_NAME = AccentColor;
				CODE_SIGN_STYLE = Automatic;
				CURRENT_PROJECT_VERSION = 1;
				GENERATE_INFOPLIST_FILE = YES;
				INFOPLIST_FILE = TestUNNotification/Info.plist;
				INFOPLIST_KEY_UIApplicationSupportsIndirectInputEvents = YES;
				INFOPLIST_KEY_UILaunchStoryboardName = LaunchScreen;
				INFOPLIST_KEY_UIMainStoryboardFile = Main;
				INFOPLIST_KEY_UISupportedInterfaceOrientations_iPad = "UIInterfaceOrientationPortrait UIInterfaceOrientationPortraitUpsideDown UIInterfaceOrientationLandscapeLeft UIInterfaceOrientationLandscapeRight";
				INFOPLIST_KEY_UISupportedInterfaceOrientations_iPhone = "UIInterfaceOrientationPortrait UIInterfaceOrientationLandscapeLeft UIInterfaceOrientationLandscapeRight";
				LD_RUNPATH_SEARCH_PATHS = (
					"$(inherited)",
					"@executable_path/Frameworks",
				);
				MARKETING_VERSION = 1.0;
				PRODUCT_BUNDLE_IDENTIFIER = com.test.TestUNNotification;
				PRODUCT_NAME = "$(TARGET_NAME)";
				SWIFT_EMIT_LOC_STRINGS = YES;
				TARGETED_DEVICE_FAMILY = "1,2";
			};
			name = Debug;
		};
		84C32A5428927004009BB96A /* Release */ = {
			isa = XCBuildConfiguration;
			buildSettings = {
				ASSETCATALOG_COMPILER_APPICON_NAME = AppIcon;
				ASSETCATALOG_COMPILER_GLOBAL_ACCENT_COLOR_NAME = AccentColor;
				CODE_SIGN_STYLE = Automatic;
				CURRENT_PROJECT_VERSION = 1;
				GENERATE_INFOPLIST_FILE = YES;
				INFOPLIST_FILE = TestUNNotification/Info.plist;
				INFOPLIST_KEY_UIApplicationSupportsIndirectInputEvents = YES;
				INFOPLIST_KEY_UILaunchStoryboardName = LaunchScreen;
				INFOPLIST_KEY_UIMainStoryboardFile = Main;
				INFOPLIST_KEY_UISupportedInterfaceOrientations_iPad = "UIInterfaceOrientationPortrait UIInterfaceOrientationPortraitUpsideDown UIInterfaceOrientationLandscapeLeft UIInterfaceOrientationLandscapeRight";
				INFOPLIST_KEY_UISupportedInterfaceOrientations_iPhone = "UIInterfaceOrientationPortrait UIInterfaceOrientationLandscapeLeft UIInterfaceOrientationLandscapeRight";
				LD_RUNPATH_SEARCH_PATHS = (
					"$(inherited)",
					"@executable_path/Frameworks",
				);
				MARKETING_VERSION = 1.0;
				PRODUCT_BUNDLE_IDENTIFIER = com.test.TestUNNotification;
				PRODUCT_NAME = "$(TARGET_NAME)";
				SWIFT_EMIT_LOC_STRINGS = YES;
				TARGETED_DEVICE_FAMILY = "1,2";
			};
			name = Release;
		};
		84C32A5628927004009BB96A /* Debug */ = {
			isa = XCBuildConfiguration;
			buildSettings = {
				BUNDLE_LOADER = "$(TEST_HOST)";
				CODE_SIGN_STYLE = Automatic;
				CURRENT_PROJECT_VERSION = 1;
				GENERATE_INFOPLIST_FILE = YES;
				IPHONEOS_DEPLOYMENT_TARGET = 15.5;
				MARKETING_VERSION = 1.0;
				PRODUCT_BUNDLE_IDENTIFIER = com.test.TestUNNotificationTests;
				PRODUCT_NAME = "$(TARGET_NAME)";
				SWIFT_EMIT_LOC_STRINGS = NO;
				TARGETED_DEVICE_FAMILY = "1,2";
				TEST_HOST = "$(BUILT_PRODUCTS_DIR)/TestUNNotification.app/TestUNNotification";
			};
			name = Debug;
		};
		84C32A5728927004009BB96A /* Release */ = {
			isa = XCBuildConfiguration;
			buildSettings = {
				BUNDLE_LOADER = "$(TEST_HOST)";
				CODE_SIGN_STYLE = Automatic;
				CURRENT_PROJECT_VERSION = 1;
				GENERATE_INFOPLIST_FILE = YES;
				IPHONEOS_DEPLOYMENT_TARGET = 15.5;
				MARKETING_VERSION = 1.0;
				PRODUCT_BUNDLE_IDENTIFIER = com.test.TestUNNotificationTests;
				PRODUCT_NAME = "$(TARGET_NAME)";
				SWIFT_EMIT_LOC_STRINGS = NO;
				TARGETED_DEVICE_FAMILY = "1,2";
				TEST_HOST = "$(BUILT_PRODUCTS_DIR)/TestUNNotification.app/TestUNNotification";
			};
			name = Release;
		};
		84C32A5928927004009BB96A /* Debug */ = {
			isa = XCBuildConfiguration;
			buildSettings = {
				CODE_SIGN_STYLE = Automatic;
				CURRENT_PROJECT_VERSION = 1;
				GENERATE_INFOPLIST_FILE = YES;
				MARKETING_VERSION = 1.0;
				PRODUCT_BUNDLE_IDENTIFIER = com.test.TestUNNotificationUITests;
				PRODUCT_NAME = "$(TARGET_NAME)";
				SWIFT_EMIT_LOC_STRINGS = NO;
				TARGETED_DEVICE_FAMILY = "1,2";
				TEST_TARGET_NAME = TestUNNotification;
			};
			name = Debug;
		};
		84C32A5A28927004009BB96A /* Release */ = {
			isa = XCBuildConfiguration;
			buildSettings = {
				CODE_SIGN_STYLE = Automatic;
				CURRENT_PROJECT_VERSION = 1;
				GENERATE_INFOPLIST_FILE = YES;
				MARKETING_VERSION = 1.0;
				PRODUCT_BUNDLE_IDENTIFIER = com.test.TestUNNotificationUITests;
				PRODUCT_NAME = "$(TARGET_NAME)";
				SWIFT_EMIT_LOC_STRINGS = NO;
				TARGETED_DEVICE_FAMILY = "1,2";
				TEST_TARGET_NAME = TestUNNotification;
			};
			name = Release;
		};
/* End XCBuildConfiguration section */

/* Begin XCConfigurationList section */
		84C32A1E28927002009BB96A /* Build configuration list for PBXProject "TestUNNotification" */ = {
			isa = XCConfigurationList;
			buildConfigurations = (
				84C32A5028927004009BB96A /* Debug */,
				84C32A5128927004009BB96A /* Release */,
			);
			defaultConfigurationIsVisible = 0;
			defaultConfigurationName = Release;
		};
		84C32A5228927004009BB96A /* Build configuration list for PBXNativeTarget "TestUNNotification" */ = {
			isa = XCConfigurationList;
			buildConfigurations = (
				84C32A5328927004009BB96A /* Debug */,
				84C32A5428927004009BB96A /* Release */,
			);
			defaultConfigurationIsVisible = 0;
			defaultConfigurationName = Release;
		};
		84C32A5528927004009BB96A /* Build configuration list for PBXNativeTarget "TestUNNotificationTests" */ = {
			isa = XCConfigurationList;
			buildConfigurations = (
				84C32A5628927004009BB96A /* Debug */,
				84C32A5728927004009BB96A /* Release */,
			);
			defaultConfigurationIsVisible = 0;
			defaultConfigurationName = Release;
		};
		84C32A5828927004009BB96A /* Build configuration list for PBXNativeTarget "TestUNNotificationUITests" */ = {
			isa = XCConfigurationList;
			buildConfigurations = (
				84C32A5928927004009BB96A /* Debug */,
				84C32A5A28927004009BB96A /* Release */,
			);
			defaultConfigurationIsVisible = 0;
			defaultConfigurationName = Release;
		};
/* End XCConfigurationList section */
	};
	rootObject = 84C32A1B28927002009BB96A /* Project object */;
}
