// !$*UTF8*$!
{
	archiveVersion = 1;
	classes = {
	};
	objectVersion = 55;
	objects = {

/* Begin PBXBuildFile section */
		84C1F9292850857500402661 /* AppDelegate.m in Sources */ = {isa = PBXBuildFile; fileRef = 84C1F9282850857500402661 /* AppDelegate.m */; };
		84C1F92C2850857500402661 /* SceneDelegate.m in Sources */ = {isa = PBXBuildFile; fileRef = 84C1F92B2850857500402661 /* SceneDelegate.m */; };
		84C1F92F2850857500402661 /* ViewController.m in Sources */ = {isa = PBXBuildFile; fileRef = 84C1F92E2850857500402661 /* ViewController.m */; };
		84C1F9322850857500402661 /* Main.storyboard in Resources */ = {isa = PBXBuildFile; fileRef = 84C1F9302850857500402661 /* Main.storyboard */; };
		84C1F9342850857600402661 /* Assets.xcassets in Resources */ = {isa = PBXBuildFile; fileRef = 84C1F9332850857600402661 /* Assets.xcassets */; };
		84C1F9372850857600402661 /* LaunchScreen.storyboard in Resources */ = {isa = PBXBuildFile; fileRef = 84C1F9352850857600402661 /* LaunchScreen.storyboard */; };
		84C1F93A2850857600402661 /* main.m in Sources */ = {isa = PBXBuildFile; fileRef = 84C1F9392850857600402661 /* main.m */; };
		84C1F9442850857600402661 /* TestImageTests.m in Sources */ = {isa = PBXBuildFile; fileRef = 84C1F9432850857600402661 /* TestImageTests.m */; };
		84C1F94E2850857600402661 /* TestImageUITests.m in Sources */ = {isa = PBXBuildFile; fileRef = 84C1F94D2850857600402661 /* TestImageUITests.m */; };
		84C1F9502850857600402661 /* TestImageUITestsLaunchTests.m in Sources */ = {isa = PBXBuildFile; fileRef = 84C1F94F2850857600402661 /* TestImageUITestsLaunchTests.m */; };
		84C1F96428508B9400402661 /* UIImageView+Extension.m in Sources */ = {isa = PBXBuildFile; fileRef = 84C1F96328508B9400402661 /* UIImageView+Extension.m */; };
/* End PBXBuildFile section */

/* Begin PBXContainerItemProxy section */
		84C1F9402850857600402661 /* PBXContainerItemProxy */ = {
			isa = PBXContainerItemProxy;
			containerPortal = 84C1F91C2850857500402661 /* Project object */;
			proxyType = 1;
			remoteGlobalIDString = 84C1F9232850857500402661;
			remoteInfo = TestImage;
		};
		84C1F94A2850857600402661 /* PBXContainerItemProxy */ = {
			isa = PBXContainerItemProxy;
			containerPortal = 84C1F91C2850857500402661 /* Project object */;
			proxyType = 1;
			remoteGlobalIDString = 84C1F9232850857500402661;
			remoteInfo = TestImage;
		};
/* End PBXContainerItemProxy section */

/* Begin PBXFileReference section */
		84C1F9242850857500402661 /* TestImage.app */ = {isa = PBXFileReference; explicitFileType = wrapper.application; includeInIndex = 0; path = TestImage.app; sourceTree = BUILT_PRODUCTS_DIR; };
		84C1F9272850857500402661 /* AppDelegate.h */ = {isa = PBXFileReference; lastKnownFileType = sourcecode.c.h; path = AppDelegate.h; sourceTree = "<group>"; };
		84C1F9282850857500402661 /* AppDelegate.m */ = {isa = PBXFileReference; lastKnownFileType = sourcecode.c.objc; path = AppDelegate.m; sourceTree = "<group>"; };
		84C1F92A2850857500402661 /* SceneDelegate.h */ = {isa = PBXFileReference; lastKnownFileType = sourcecode.c.h; path = SceneDelegate.h; sourceTree = "<group>"; };
		84C1F92B2850857500402661 /* SceneDelegate.m */ = {isa = PBXFileReference; lastKnownFileType = sourcecode.c.objc; path = SceneDelegate.m; sourceTree = "<group>"; };
		84C1F92D2850857500402661 /* ViewController.h */ = {isa = PBXFileReference; lastKnownFileType = sourcecode.c.h; path = ViewController.h; sourceTree = "<group>"; };
		84C1F92E2850857500402661 /* ViewController.m */ = {isa = PBXFileReference; lastKnownFileType = sourcecode.c.objc; path = ViewController.m; sourceTree = "<group>"; };
		84C1F9312850857500402661 /* Base */ = {isa = PBXFileReference; lastKnownFileType = file.storyboard; name = Base; path = Base.lproj/Main.storyboard; sourceTree = "<group>"; };
		84C1F9332850857600402661 /* Assets.xcassets */ = {isa = PBXFileReference; lastKnownFileType = folder.assetcatalog; path = Assets.xcassets; sourceTree = "<group>"; };
		84C1F9362850857600402661 /* Base */ = {isa = PBXFileReference; lastKnownFileType = file.storyboard; name = Base; path = Base.lproj/LaunchScreen.storyboard; sourceTree = "<group>"; };
		84C1F9382850857600402661 /* Info.plist */ = {isa = PBXFileReference; lastKnownFileType = text.plist.xml; path = Info.plist; sourceTree = "<group>"; };
		84C1F9392850857600402661 /* main.m */ = {isa = PBXFileReference; lastKnownFileType = sourcecode.c.objc; path = main.m; sourceTree = "<group>"; };
		84C1F93F2850857600402661 /* TestImageTests.xctest */ = {isa = PBXFileReference; explicitFileType = wrapper.cfbundle; includeInIndex = 0; path = TestImageTests.xctest; sourceTree = BUILT_PRODUCTS_DIR; };
		84C1F9432850857600402661 /* TestImageTests.m */ = {isa = PBXFileReference; lastKnownFileType = sourcecode.c.objc; path = TestImageTests.m; sourceTree = "<group>"; };
		84C1F9492850857600402661 /* TestImageUITests.xctest */ = {isa = PBXFileReference; explicitFileType = wrapper.cfbundle; includeInIndex = 0; path = TestImageUITests.xctest; sourceTree = BUILT_PRODUCTS_DIR; };
		84C1F94D2850857600402661 /* TestImageUITests.m */ = {isa = PBXFileReference; lastKnownFileType = sourcecode.c.objc; path = TestImageUITests.m; sourceTree = "<group>"; };
		84C1F94F2850857600402661 /* TestImageUITestsLaunchTests.m */ = {isa = PBXFileReference; lastKnownFileType = sourcecode.c.objc; path = TestImageUITestsLaunchTests.m; sourceTree = "<group>"; };
		84C1F96228508B9400402661 /* UIImageView+Extension.h */ = {isa = PBXFileReference; lastKnownFileType = sourcecode.c.h; path = "UIImageView+Extension.h"; sourceTree = "<group>"; };
		84C1F96328508B9400402661 /* UIImageView+Extension.m */ = {isa = PBXFileReference; lastKnownFileType = sourcecode.c.objc; path = "UIImageView+Extension.m"; sourceTree = "<group>"; };
/* End PBXFileReference section */

/* Begin PBXFrameworksBuildPhase section */
		84C1F9212850857500402661 /* Frameworks */ = {
			isa = PBXFrameworksBuildPhase;
			buildActionMask = 2147483647;
			files = (
			);
			runOnlyForDeploymentPostprocessing = 0;
		};
		84C1F93C2850857600402661 /* Frameworks */ = {
			isa = PBXFrameworksBuildPhase;
			buildActionMask = 2147483647;
			files = (
			);
			runOnlyForDeploymentPostprocessing = 0;
		};
		84C1F9462850857600402661 /* Frameworks */ = {
			isa = PBXFrameworksBuildPhase;
			buildActionMask = 2147483647;
			files = (
			);
			runOnlyForDeploymentPostprocessing = 0;
		};
/* End PBXFrameworksBuildPhase section */

/* Begin PBXGroup section */
		84C1F91B2850857500402661 = {
			isa = PBXGroup;
			children = (
				84C1F9262850857500402661 /* TestImage */,
				84C1F9422850857600402661 /* TestImageTests */,
				84C1F94C2850857600402661 /* TestImageUITests */,
				84C1F9252850857500402661 /* Products */,
			);
			sourceTree = "<group>";
		};
		84C1F9252850857500402661 /* Products */ = {
			isa = PBXGroup;
			children = (
				84C1F9242850857500402661 /* TestImage.app */,
				84C1F93F2850857600402661 /* TestImageTests.xctest */,
				84C1F9492850857600402661 /* TestImageUITests.xctest */,
			);
			name = Products;
			sourceTree = "<group>";
		};
		84C1F9262850857500402661 /* TestImage */ = {
			isa = PBXGroup;
			children = (
				84C1F9272850857500402661 /* AppDelegate.h */,
				84C1F9282850857500402661 /* AppDelegate.m */,
				84C1F92A2850857500402661 /* SceneDelegate.h */,
				84C1F92B2850857500402661 /* SceneDelegate.m */,
				84C1F92D2850857500402661 /* ViewController.h */,
				84C1F92E2850857500402661 /* ViewController.m */,
				84C1F96228508B9400402661 /* UIImageView+Extension.h */,
				84C1F96328508B9400402661 /* UIImageView+Extension.m */,
				84C1F9302850857500402661 /* Main.storyboard */,
				84C1F9332850857600402661 /* Assets.xcassets */,
				84C1F9352850857600402661 /* LaunchScreen.storyboard */,
				84C1F9382850857600402661 /* Info.plist */,
				84C1F9392850857600402661 /* main.m */,
			);
			path = TestImage;
			sourceTree = "<group>";
		};
		84C1F9422850857600402661 /* TestImageTests */ = {
			isa = PBXGroup;
			children = (
				84C1F9432850857600402661 /* TestImageTests.m */,
			);
			path = TestImageTests;
			sourceTree = "<group>";
		};
		84C1F94C2850857600402661 /* TestImageUITests */ = {
			isa = PBXGroup;
			children = (
				84C1F94D2850857600402661 /* TestImageUITests.m */,
				84C1F94F2850857600402661 /* TestImageUITestsLaunchTests.m */,
			);
			path = TestImageUITests;
			sourceTree = "<group>";
		};
/* End PBXGroup section */

/* Begin PBXNativeTarget section */
		84C1F9232850857500402661 /* TestImage */ = {
			isa = PBXNativeTarget;
			buildConfigurationList = 84C1F9532850857600402661 /* Build configuration list for PBXNativeTarget "TestImage" */;
			buildPhases = (
				84C1F9202850857500402661 /* Sources */,
				84C1F9212850857500402661 /* Frameworks */,
				84C1F9222850857500402661 /* Resources */,
			);
			buildRules = (
			);
			dependencies = (
			);
			name = TestImage;
			productName = TestImage;
			productReference = 84C1F9242850857500402661 /* TestImage.app */;
			productType = "com.apple.product-type.application";
		};
		84C1F93E2850857600402661 /* TestImageTests */ = {
			isa = PBXNativeTarget;
			buildConfigurationList = 84C1F9562850857600402661 /* Build configuration list for PBXNativeTarget "TestImageTests" */;
			buildPhases = (
				84C1F93B2850857600402661 /* Sources */,
				84C1F93C2850857600402661 /* Frameworks */,
				84C1F93D2850857600402661 /* Resources */,
			);
			buildRules = (
			);
			dependencies = (
				84C1F9412850857600402661 /* PBXTargetDependency */,
			);
			name = TestImageTests;
			productName = TestImageTests;
			productReference = 84C1F93F2850857600402661 /* TestImageTests.xctest */;
			productType = "com.apple.product-type.bundle.unit-test";
		};
		84C1F9482850857600402661 /* TestImageUITests */ = {
			isa = PBXNativeTarget;
			buildConfigurationList = 84C1F9592850857600402661 /* Build configuration list for PBXNativeTarget "TestImageUITests" */;
			buildPhases = (
				84C1F9452850857600402661 /* Sources */,
				84C1F9462850857600402661 /* Frameworks */,
				84C1F9472850857600402661 /* Resources */,
			);
			buildRules = (
			);
			dependencies = (
				84C1F94B2850857600402661 /* PBXTargetDependency */,
			);
			name = TestImageUITests;
			productName = TestImageUITests;
			productReference = 84C1F9492850857600402661 /* TestImageUITests.xctest */;
			productType = "com.apple.product-type.bundle.ui-testing";
		};
/* End PBXNativeTarget section */

/* Begin PBXProject section */
		84C1F91C2850857500402661 /* Project object */ = {
			isa = PBXProject;
			attributes = {
				BuildIndependentTargetsInParallel = 1;
				LastUpgradeCheck = 1330;
				TargetAttributes = {
					84C1F9232850857500402661 = {
						CreatedOnToolsVersion = 13.3;
					};
					84C1F93E2850857600402661 = {
						CreatedOnToolsVersion = 13.3;
						TestTargetID = 84C1F9232850857500402661;
					};
					84C1F9482850857600402661 = {
						CreatedOnToolsVersion = 13.3;
						TestTargetID = 84C1F9232850857500402661;
					};
				};
			};
			buildConfigurationList = 84C1F91F2850857500402661 /* Build configuration list for PBXProject "TestImage" */;
			compatibilityVersion = "Xcode 13.0";
			developmentRegion = en;
			hasScannedForEncodings = 0;
			knownRegions = (
				en,
				Base,
			);
			mainGroup = 84C1F91B2850857500402661;
			productRefGroup = 84C1F9252850857500402661 /* Products */;
			projectDirPath = "";
			projectRoot = "";
			targets = (
				84C1F9232850857500402661 /* TestImage */,
				84C1F93E2850857600402661 /* TestImageTests */,
				84C1F9482850857600402661 /* TestImageUITests */,
			);
		};
/* End PBXProject section */

/* Begin PBXResourcesBuildPhase section */
		84C1F9222850857500402661 /* Resources */ = {
			isa = PBXResourcesBuildPhase;
			buildActionMask = 2147483647;
			files = (
				84C1F9372850857600402661 /* LaunchScreen.storyboard in Resources */,
				84C1F9342850857600402661 /* Assets.xcassets in Resources */,
				84C1F9322850857500402661 /* Main.storyboard in Resources */,
			);
			runOnlyForDeploymentPostprocessing = 0;
		};
		84C1F93D2850857600402661 /* Resources */ = {
			isa = PBXResourcesBuildPhase;
			buildActionMask = 2147483647;
			files = (
			);
			runOnlyForDeploymentPostprocessing = 0;
		};
		84C1F9472850857600402661 /* Resources */ = {
			isa = PBXResourcesBuildPhase;
			buildActionMask = 2147483647;
			files = (
			);
			runOnlyForDeploymentPostprocessing = 0;
		};
/* End PBXResourcesBuildPhase section */

/* Begin PBXSourcesBuildPhase section */
		84C1F9202850857500402661 /* Sources */ = {
			isa = PBXSourcesBuildPhase;
			buildActionMask = 2147483647;
			files = (
				84C1F92F2850857500402661 /* ViewController.m in Sources */,
				84C1F9292850857500402661 /* AppDelegate.m in Sources */,
				84C1F93A2850857600402661 /* main.m in Sources */,
				84C1F92C2850857500402661 /* SceneDelegate.m in Sources */,
				84C1F96428508B9400402661 /* UIImageView+Extension.m in Sources */,
			);
			runOnlyForDeploymentPostprocessing = 0;
		};
		84C1F93B2850857600402661 /* Sources */ = {
			isa = PBXSourcesBuildPhase;
			buildActionMask = 2147483647;
			files = (
				84C1F9442850857600402661 /* TestImageTests.m in Sources */,
			);
			runOnlyForDeploymentPostprocessing = 0;
		};
		84C1F9452850857600402661 /* Sources */ = {
			isa = PBXSourcesBuildPhase;
			buildActionMask = 2147483647;
			files = (
				84C1F9502850857600402661 /* TestImageUITestsLaunchTests.m in Sources */,
				84C1F94E2850857600402661 /* TestImageUITests.m in Sources */,
			);
			runOnlyForDeploymentPostprocessing = 0;
		};
/* End PBXSourcesBuildPhase section */

/* Begin PBXTargetDependency section */
		84C1F9412850857600402661 /* PBXTargetDependency */ = {
			isa = PBXTargetDependency;
			target = 84C1F9232850857500402661 /* TestImage */;
			targetProxy = 84C1F9402850857600402661 /* PBXContainerItemProxy */;
		};
		84C1F94B2850857600402661 /* PBXTargetDependency */ = {
			isa = PBXTargetDependency;
			target = 84C1F9232850857500402661 /* TestImage */;
			targetProxy = 84C1F94A2850857600402661 /* PBXContainerItemProxy */;
		};
/* End PBXTargetDependency section */

/* Begin PBXVariantGroup section */
		84C1F9302850857500402661 /* Main.storyboard */ = {
			isa = PBXVariantGroup;
			children = (
				84C1F9312850857500402661 /* Base */,
			);
			name = Main.storyboard;
			sourceTree = "<group>";
		};
		84C1F9352850857600402661 /* LaunchScreen.storyboard */ = {
			isa = PBXVariantGroup;
			children = (
				84C1F9362850857600402661 /* Base */,
			);
			name = LaunchScreen.storyboard;
			sourceTree = "<group>";
		};
/* End PBXVariantGroup section */

/* Begin XCBuildConfiguration section */
		84C1F9512850857600402661 /* Debug */ = {
			isa = XCBuildConfiguration;
			buildSettings = {
				ALWAYS_SEARCH_USER_PATHS = NO;
				CLANG_ANALYZER_NONNULL = YES;
				CLANG_ANALYZER_NUMBER_OBJECT_CONVERSION = YES_AGGRESSIVE;
				CLANG_CXX_LANGUAGE_STANDARD = "gnu++17";
				CLANG_ENABLE_MODULES = YES;
				CLANG_ENABLE_OBJC_ARC = YES;
				CLANG_ENABLE_OBJC_WEAK = YES;
				CLANG_WARN_BLOCK_CAPTURE_AUTORELEASING = YES;
				CLANG_WARN_BOOL_CONVERSION = YES;
				CLANG_WARN_COMMA = YES;
				CLANG_WARN_CONSTANT_CONVERSION = YES;
				CLANG_WARN_DEPRECATED_OBJC_IMPLEMENTATIONS = YES;
				CLANG_WARN_DIRECT_OBJC_ISA_USAGE = YES_ERROR;
				CLANG_WARN_DOCUMENTATION_COMMENTS = YES;
				CLANG_WARN_EMPTY_BODY = YES;
				CLANG_WARN_ENUM_CONVERSION = YES;
				CLANG_WARN_INFINITE_RECURSION = YES;
				CLANG_WARN_INT_CONVERSION = YES;
				CLANG_WARN_NON_LITERAL_NULL_CONVERSION = YES;
				CLANG_WARN_OBJC_IMPLICIT_RETAIN_SELF = YES;
				CLANG_WARN_OBJC_LITERAL_CONVERSION = YES;
				CLANG_WARN_OBJC_ROOT_CLASS = YES_ERROR;
				CLANG_WARN_QUOTED_INCLUDE_IN_FRAMEWORK_HEADER = YES;
				CLANG_WARN_RANGE_LOOP_ANALYSIS = YES;
				CLANG_WARN_STRICT_PROTOTYPES = YES;
				CLANG_WARN_SUSPICIOUS_MOVE = YES;
				CLANG_WARN_UNGUARDED_AVAILABILITY = YES_AGGRESSIVE;
				CLANG_WARN_UNREACHABLE_CODE = YES;
				CLANG_WARN__DUPLICATE_METHOD_MATCH = YES;
				COPY_PHASE_STRIP = NO;
				DEBUG_INFORMATION_FORMAT = dwarf;
				ENABLE_STRICT_OBJC_MSGSEND = YES;
				ENABLE_TESTABILITY = YES;
				GCC_C_LANGUAGE_STANDARD = gnu11;
				GCC_DYNAMIC_NO_PIC = NO;
				GCC_NO_COMMON_BLOCKS = YES;
				GCC_OPTIMIZATION_LEVEL = 0;
				GCC_PREPROCESSOR_DEFINITIONS = (
					"DEBUG=1",
					"$(inherited)",
				);
				GCC_WARN_64_TO_32_BIT_CONVERSION = YES;
				GCC_WARN_ABOUT_RETURN_TYPE = YES_ERROR;
				GCC_WARN_UNDECLARED_SELECTOR = YES;
				GCC_WARN_UNINITIALIZED_AUTOS = YES_AGGRESSIVE;
				GCC_WARN_UNUSED_FUNCTION = YES;
				GCC_WARN_UNUSED_VARIABLE = YES;
				IPHONEOS_DEPLOYMENT_TARGET = 15.4;
				MTL_ENABLE_DEBUG_INFO = INCLUDE_SOURCE;
				MTL_FAST_MATH = YES;
				ONLY_ACTIVE_ARCH = YES;
				SDKROOT = iphoneos;
			};
			name = Debug;
		};
		84C1F9522850857600402661 /* Release */ = {
			isa = XCBuildConfiguration;
			buildSettings = {
				ALWAYS_SEARCH_USER_PATHS = NO;
				CLANG_ANALYZER_NONNULL = YES;
				CLANG_ANALYZER_NUMBER_OBJECT_CONVERSION = YES_AGGRESSIVE;
				CLANG_CXX_LANGUAGE_STANDARD = "gnu++17";
				CLANG_ENABLE_MODULES = YES;
				CLANG_ENABLE_OBJC_ARC = YES;
				CLANG_ENABLE_OBJC_WEAK = YES;
				CLANG_WARN_BLOCK_CAPTURE_AUTORELEASING = YES;
				CLANG_WARN_BOOL_CONVERSION = YES;
				CLANG_WARN_COMMA = YES;
				CLANG_WARN_CONSTANT_CONVERSION = YES;
				CLANG_WARN_DEPRECATED_OBJC_IMPLEMENTATIONS = YES;
				CLANG_WARN_DIRECT_OBJC_ISA_USAGE = YES_ERROR;
				CLANG_WARN_DOCUMENTATION_COMMENTS = YES;
				CLANG_WARN_EMPTY_BODY = YES;
				CLANG_WARN_ENUM_CONVERSION = YES;
				CLANG_WARN_INFINITE_RECURSION = YES;
				CLANG_WARN_INT_CONVERSION = YES;
				CLANG_WARN_NON_LITERAL_NULL_CONVERSION = YES;
				CLANG_WARN_OBJC_IMPLICIT_RETAIN_SELF = YES;
				CLANG_WARN_OBJC_LITERAL_CONVERSION = YES;
				CLANG_WARN_OBJC_ROOT_CLASS = YES_ERROR;
				CLANG_WARN_QUOTED_INCLUDE_IN_FRAMEWORK_HEADER = YES;
				CLANG_WARN_RANGE_LOOP_ANALYSIS = YES;
				CLANG_WARN_STRICT_PROTOTYPES = YES;
				CLANG_WARN_SUSPICIOUS_MOVE = YES;
				CLANG_WARN_UNGUARDED_AVAILABILITY = YES_AGGRESSIVE;
				CLANG_WARN_UNREACHABLE_CODE = YES;
				CLANG_WARN__DUPLICATE_METHOD_MATCH = YES;
				COPY_PHASE_STRIP = NO;
				DEBUG_INFORMATION_FORMAT = "dwarf-with-dsym";
				ENABLE_NS_ASSERTIONS = NO;
				ENABLE_STRICT_OBJC_MSGSEND = YES;
				GCC_C_LANGUAGE_STANDARD = gnu11;
				GCC_NO_COMMON_BLOCKS = YES;
				GCC_WARN_64_TO_32_BIT_CONVERSION = YES;
				GCC_WARN_ABOUT_RETURN_TYPE = YES_ERROR;
				GCC_WARN_UNDECLARED_SELECTOR = YES;
				GCC_WARN_UNINITIALIZED_AUTOS = YES_AGGRESSIVE;
				GCC_WARN_UNUSED_FUNCTION = YES;
				GCC_WARN_UNUSED_VARIABLE = YES;
				IPHONEOS_DEPLOYMENT_TARGET = 15.4;
				MTL_ENABLE_DEBUG_INFO = NO;
				MTL_FAST_MATH = YES;
				SDKROOT = iphoneos;
				VALIDATE_PRODUCT = YES;
			};
			name = Release;
		};
		84C1F9542850857600402661 /* Debug */ = {
			isa = XCBuildConfiguration;
			buildSettings = {
				ASSETCATALOG_COMPILER_APPICON_NAME = AppIcon;
				ASSETCATALOG_COMPILER_GLOBAL_ACCENT_COLOR_NAME = AccentColor;
				CODE_SIGN_STYLE = Automatic;
				CURRENT_PROJECT_VERSION = 1;
				GENERATE_INFOPLIST_FILE = YES;
				INFOPLIST_FILE = TestImage/Info.plist;
				INFOPLIST_KEY_UIApplicationSupportsIndirectInputEvents = YES;
				INFOPLIST_KEY_UILaunchStoryboardName = LaunchScreen;
				INFOPLIST_KEY_UIMainStoryboardFile = Main;
				INFOPLIST_KEY_UISupportedInterfaceOrientations_iPad = "UIInterfaceOrientationPortrait UIInterfaceOrientationPortraitUpsideDown UIInterfaceOrientationLandscapeLeft UIInterfaceOrientationLandscapeRight";
				INFOPLIST_KEY_UISupportedInterfaceOrientations_iPhone = "UIInterfaceOrientationPortrait UIInterfaceOrientationLandscapeLeft UIInterfaceOrientationLandscapeRight";
				LD_RUNPATH_SEARCH_PATHS = (
					"$(inherited)",
					"@executable_path/Frameworks",
				);
				MARKETING_VERSION = 1.0;
				PRODUCT_BUNDLE_IDENTIFIER = com.test.TestImage;
				PRODUCT_NAME = "$(TARGET_NAME)";
				SWIFT_EMIT_LOC_STRINGS = YES;
				TARGETED_DEVICE_FAMILY = "1,2";
			};
			name = Debug;
		};
		84C1F9552850857600402661 /* Release */ = {
			isa = XCBuildConfiguration;
			buildSettings = {
				ASSETCATALOG_COMPILER_APPICON_NAME = AppIcon;
				ASSETCATALOG_COMPILER_GLOBAL_ACCENT_COLOR_NAME = AccentColor;
				CODE_SIGN_STYLE = Automatic;
				CURRENT_PROJECT_VERSION = 1;
				GENERATE_INFOPLIST_FILE = YES;
				INFOPLIST_FILE = TestImage/Info.plist;
				INFOPLIST_KEY_UIApplicationSupportsIndirectInputEvents = YES;
				INFOPLIST_KEY_UILaunchStoryboardName = LaunchScreen;
				INFOPLIST_KEY_UIMainStoryboardFile = Main;
				INFOPLIST_KEY_UISupportedInterfaceOrientations_iPad = "UIInterfaceOrientationPortrait UIInterfaceOrientationPortraitUpsideDown UIInterfaceOrientationLandscapeLeft UIInterfaceOrientationLandscapeRight";
				INFOPLIST_KEY_UISupportedInterfaceOrientations_iPhone = "UIInterfaceOrientationPortrait UIInterfaceOrientationLandscapeLeft UIInterfaceOrientationLandscapeRight";
				LD_RUNPATH_SEARCH_PATHS = (
					"$(inherited)",
					"@executable_path/Frameworks",
				);
				MARKETING_VERSION = 1.0;
				PRODUCT_BUNDLE_IDENTIFIER = com.test.TestImage;
				PRODUCT_NAME = "$(TARGET_NAME)";
				SWIFT_EMIT_LOC_STRINGS = YES;
				TARGETED_DEVICE_FAMILY = "1,2";
			};
			name = Release;
		};
		84C1F9572850857600402661 /* Debug */ = {
			isa = XCBuildConfiguration;
			buildSettings = {
				BUNDLE_LOADER = "$(TEST_HOST)";
				CODE_SIGN_STYLE = Automatic;
				CURRENT_PROJECT_VERSION = 1;
				GENERATE_INFOPLIST_FILE = YES;
				IPHONEOS_DEPLOYMENT_TARGET = 15.4;
				MARKETING_VERSION = 1.0;
				PRODUCT_BUNDLE_IDENTIFIER = com.test.TestImageTests;
				PRODUCT_NAME = "$(TARGET_NAME)";
				SWIFT_EMIT_LOC_STRINGS = NO;
				TARGETED_DEVICE_FAMILY = "1,2";
				TEST_HOST = "$(BUILT_PRODUCTS_DIR)/TestImage.app/TestImage";
			};
			name = Debug;
		};
		84C1F9582850857600402661 /* Release */ = {
			isa = XCBuildConfiguration;
			buildSettings = {
				BUNDLE_LOADER = "$(TEST_HOST)";
				CODE_SIGN_STYLE = Automatic;
				CURRENT_PROJECT_VERSION = 1;
				GENERATE_INFOPLIST_FILE = YES;
				IPHONEOS_DEPLOYMENT_TARGET = 15.4;
				MARKETING_VERSION = 1.0;
				PRODUCT_BUNDLE_IDENTIFIER = com.test.TestImageTests;
				PRODUCT_NAME = "$(TARGET_NAME)";
				SWIFT_EMIT_LOC_STRINGS = NO;
				TARGETED_DEVICE_FAMILY = "1,2";
				TEST_HOST = "$(BUILT_PRODUCTS_DIR)/TestImage.app/TestImage";
			};
			name = Release;
		};
		84C1F95A2850857600402661 /* Debug */ = {
			isa = XCBuildConfiguration;
			buildSettings = {
				CODE_SIGN_STYLE = Automatic;
				CURRENT_PROJECT_VERSION = 1;
				GENERATE_INFOPLIST_FILE = YES;
				MARKETING_VERSION = 1.0;
				PRODUCT_BUNDLE_IDENTIFIER = com.test.TestImageUITests;
				PRODUCT_NAME = "$(TARGET_NAME)";
				SWIFT_EMIT_LOC_STRINGS = NO;
				TARGETED_DEVICE_FAMILY = "1,2";
				TEST_TARGET_NAME = TestImage;
			};
			name = Debug;
		};
		84C1F95B2850857600402661 /* Release */ = {
			isa = XCBuildConfiguration;
			buildSettings = {
				CODE_SIGN_STYLE = Automatic;
				CURRENT_PROJECT_VERSION = 1;
				GENERATE_INFOPLIST_FILE = YES;
				MARKETING_VERSION = 1.0;
				PRODUCT_BUNDLE_IDENTIFIER = com.test.TestImageUITests;
				PRODUCT_NAME = "$(TARGET_NAME)";
				SWIFT_EMIT_LOC_STRINGS = NO;
				TARGETED_DEVICE_FAMILY = "1,2";
				TEST_TARGET_NAME = TestImage;
			};
			name = Release;
		};
/* End XCBuildConfiguration section */

/* Begin XCConfigurationList section */
		84C1F91F2850857500402661 /* Build configuration list for PBXProject "TestImage" */ = {
			isa = XCConfigurationList;
			buildConfigurations = (
				84C1F9512850857600402661 /* Debug */,
				84C1F9522850857600402661 /* Release */,
			);
			defaultConfigurationIsVisible = 0;
			defaultConfigurationName = Release;
		};
		84C1F9532850857600402661 /* Build configuration list for PBXNativeTarget "TestImage" */ = {
			isa = XCConfigurationList;
			buildConfigurations = (
				84C1F9542850857600402661 /* Debug */,
				84C1F9552850857600402661 /* Release */,
			);
			defaultConfigurationIsVisible = 0;
			defaultConfigurationName = Release;
		};
		84C1F9562850857600402661 /* Build configuration list for PBXNativeTarget "TestImageTests" */ = {
			isa = XCConfigurationList;
			buildConfigurations = (
				84C1F9572850857600402661 /* Debug */,
				84C1F9582850857600402661 /* Release */,
			);
			defaultConfigurationIsVisible = 0;
			defaultConfigurationName = Release;
		};
		84C1F9592850857600402661 /* Build configuration list for PBXNativeTarget "TestImageUITests" */ = {
			isa = XCConfigurationList;
			buildConfigurations = (
				84C1F95A2850857600402661 /* Debug */,
				84C1F95B2850857600402661 /* Release */,
			);
			defaultConfigurationIsVisible = 0;
			defaultConfigurationName = Release;
		};
/* End XCConfigurationList section */
	};
	rootObject = 84C1F91C2850857500402661 /* Project object */;
}
