// !$*UTF8*$!
{
	archiveVersion = 1;
	classes = {
	};
	objectVersion = 55;
	objects = {

/* Begin PBXBuildFile section */
		84B07DF92859AB6E007CD7B9 /* AppDelegate.m in Sources */ = {isa = PBXBuildFile; fileRef = 84B07DF82859AB6E007CD7B9 /* AppDelegate.m */; };
		84B07DFF2859AB6E007CD7B9 /* ViewController.m in Sources */ = {isa = PBXBuildFile; fileRef = 84B07DFE2859AB6E007CD7B9 /* ViewController.m */; };
		84B07E022859AB6E007CD7B9 /* Main.storyboard in Resources */ = {isa = PBXBuildFile; fileRef = 84B07E002859AB6E007CD7B9 /* Main.storyboard */; };
		84B07E042859AB6F007CD7B9 /* Assets.xcassets in Resources */ = {isa = PBXBuildFile; fileRef = 84B07E032859AB6F007CD7B9 /* Assets.xcassets */; };
		84B07E072859AB6F007CD7B9 /* LaunchScreen.storyboard in Resources */ = {isa = PBXBuildFile; fileRef = 84B07E052859AB6F007CD7B9 /* LaunchScreen.storyboard */; };
		84B07E0A2859AB6F007CD7B9 /* main.m in Sources */ = {isa = PBXBuildFile; fileRef = 84B07E092859AB6F007CD7B9 /* main.m */; };
		84B07E142859AB6F007CD7B9 /* TestAVPlayerTests.m in Sources */ = {isa = PBXBuildFile; fileRef = 84B07E132859AB6F007CD7B9 /* TestAVPlayerTests.m */; };
		84B07E1E2859AB6F007CD7B9 /* TestAVPlayerUITests.m in Sources */ = {isa = PBXBuildFile; fileRef = 84B07E1D2859AB6F007CD7B9 /* TestAVPlayerUITests.m */; };
		84B07E202859AB6F007CD7B9 /* TestAVPlayerUITestsLaunchTests.m in Sources */ = {isa = PBXBuildFile; fileRef = 84B07E1F2859AB6F007CD7B9 /* TestAVPlayerUITestsLaunchTests.m */; };
		84B07E2E2859ACB3007CD7B9 /* AVKit.framework in Frameworks */ = {isa = PBXBuildFile; fileRef = 84B07E2D2859ACB3007CD7B9 /* AVKit.framework */; };
/* End PBXBuildFile section */

/* Begin PBXContainerItemProxy section */
		84B07E102859AB6F007CD7B9 /* PBXContainerItemProxy */ = {
			isa = PBXContainerItemProxy;
			containerPortal = 84B07DEC2859AB6E007CD7B9 /* Project object */;
			proxyType = 1;
			remoteGlobalIDString = 84B07DF32859AB6E007CD7B9;
			remoteInfo = TestAVPlayer;
		};
		84B07E1A2859AB6F007CD7B9 /* PBXContainerItemProxy */ = {
			isa = PBXContainerItemProxy;
			containerPortal = 84B07DEC2859AB6E007CD7B9 /* Project object */;
			proxyType = 1;
			remoteGlobalIDString = 84B07DF32859AB6E007CD7B9;
			remoteInfo = TestAVPlayer;
		};
/* End PBXContainerItemProxy section */

/* Begin PBXFileReference section */
		84B07DF42859AB6E007CD7B9 /* TestAVPlayer.app */ = {isa = PBXFileReference; explicitFileType = wrapper.application; includeInIndex = 0; path = TestAVPlayer.app; sourceTree = BUILT_PRODUCTS_DIR; };
		84B07DF72859AB6E007CD7B9 /* AppDelegate.h */ = {isa = PBXFileReference; lastKnownFileType = sourcecode.c.h; path = AppDelegate.h; sourceTree = "<group>"; };
		84B07DF82859AB6E007CD7B9 /* AppDelegate.m */ = {isa = PBXFileReference; lastKnownFileType = sourcecode.c.objc; path = AppDelegate.m; sourceTree = "<group>"; };
		84B07DFD2859AB6E007CD7B9 /* ViewController.h */ = {isa = PBXFileReference; lastKnownFileType = sourcecode.c.h; path = ViewController.h; sourceTree = "<group>"; };
		84B07DFE2859AB6E007CD7B9 /* ViewController.m */ = {isa = PBXFileReference; lastKnownFileType = sourcecode.c.objc; path = ViewController.m; sourceTree = "<group>"; };
		84B07E012859AB6E007CD7B9 /* Base */ = {isa = PBXFileReference; lastKnownFileType = file.storyboard; name = Base; path = Base.lproj/Main.storyboard; sourceTree = "<group>"; };
		84B07E032859AB6F007CD7B9 /* Assets.xcassets */ = {isa = PBXFileReference; lastKnownFileType = folder.assetcatalog; path = Assets.xcassets; sourceTree = "<group>"; };
		84B07E062859AB6F007CD7B9 /* Base */ = {isa = PBXFileReference; lastKnownFileType = file.storyboard; name = Base; path = Base.lproj/LaunchScreen.storyboard; sourceTree = "<group>"; };
		84B07E082859AB6F007CD7B9 /* Info.plist */ = {isa = PBXFileReference; lastKnownFileType = text.plist.xml; path = Info.plist; sourceTree = "<group>"; };
		84B07E092859AB6F007CD7B9 /* main.m */ = {isa = PBXFileReference; lastKnownFileType = sourcecode.c.objc; path = main.m; sourceTree = "<group>"; };
		84B07E0F2859AB6F007CD7B9 /* TestAVPlayerTests.xctest */ = {isa = PBXFileReference; explicitFileType = wrapper.cfbundle; includeInIndex = 0; path = TestAVPlayerTests.xctest; sourceTree = BUILT_PRODUCTS_DIR; };
		84B07E132859AB6F007CD7B9 /* TestAVPlayerTests.m */ = {isa = PBXFileReference; lastKnownFileType = sourcecode.c.objc; path = TestAVPlayerTests.m; sourceTree = "<group>"; };
		84B07E192859AB6F007CD7B9 /* TestAVPlayerUITests.xctest */ = {isa = PBXFileReference; explicitFileType = wrapper.cfbundle; includeInIndex = 0; path = TestAVPlayerUITests.xctest; sourceTree = BUILT_PRODUCTS_DIR; };
		84B07E1D2859AB6F007CD7B9 /* TestAVPlayerUITests.m */ = {isa = PBXFileReference; lastKnownFileType = sourcecode.c.objc; path = TestAVPlayerUITests.m; sourceTree = "<group>"; };
		84B07E1F2859AB6F007CD7B9 /* TestAVPlayerUITestsLaunchTests.m */ = {isa = PBXFileReference; lastKnownFileType = sourcecode.c.objc; path = TestAVPlayerUITestsLaunchTests.m; sourceTree = "<group>"; };
		84B07E2D2859ACB3007CD7B9 /* AVKit.framework */ = {isa = PBXFileReference; lastKnownFileType = wrapper.framework; name = AVKit.framework; path = System/Library/Frameworks/AVKit.framework; sourceTree = SDKROOT; };
/* End PBXFileReference section */

/* Begin PBXFrameworksBuildPhase section */
		84B07DF12859AB6E007CD7B9 /* Frameworks */ = {
			isa = PBXFrameworksBuildPhase;
			buildActionMask = 2147483647;
			files = (
				84B07E2E2859ACB3007CD7B9 /* AVKit.framework in Frameworks */,
			);
			runOnlyForDeploymentPostprocessing = 0;
		};
		84B07E0C2859AB6F007CD7B9 /* Frameworks */ = {
			isa = PBXFrameworksBuildPhase;
			buildActionMask = 2147483647;
			files = (
			);
			runOnlyForDeploymentPostprocessing = 0;
		};
		84B07E162859AB6F007CD7B9 /* Frameworks */ = {
			isa = PBXFrameworksBuildPhase;
			buildActionMask = 2147483647;
			files = (
			);
			runOnlyForDeploymentPostprocessing = 0;
		};
/* End PBXFrameworksBuildPhase section */

/* Begin PBXGroup section */
		84B07DEB2859AB6E007CD7B9 = {
			isa = PBXGroup;
			children = (
				84B07DF62859AB6E007CD7B9 /* TestAVPlayer */,
				84B07E122859AB6F007CD7B9 /* TestAVPlayerTests */,
				84B07E1C2859AB6F007CD7B9 /* TestAVPlayerUITests */,
				84B07DF52859AB6E007CD7B9 /* Products */,
				84B07E2C2859ACB3007CD7B9 /* Frameworks */,
			);
			sourceTree = "<group>";
		};
		84B07DF52859AB6E007CD7B9 /* Products */ = {
			isa = PBXGroup;
			children = (
				84B07DF42859AB6E007CD7B9 /* TestAVPlayer.app */,
				84B07E0F2859AB6F007CD7B9 /* TestAVPlayerTests.xctest */,
				84B07E192859AB6F007CD7B9 /* TestAVPlayerUITests.xctest */,
			);
			name = Products;
			sourceTree = "<group>";
		};
		84B07DF62859AB6E007CD7B9 /* TestAVPlayer */ = {
			isa = PBXGroup;
			children = (
				84B07DF72859AB6E007CD7B9 /* AppDelegate.h */,
				84B07DF82859AB6E007CD7B9 /* AppDelegate.m */,
				84B07DFD2859AB6E007CD7B9 /* ViewController.h */,
				84B07DFE2859AB6E007CD7B9 /* ViewController.m */,
				84B07E002859AB6E007CD7B9 /* Main.storyboard */,
				84B07E032859AB6F007CD7B9 /* Assets.xcassets */,
				84B07E052859AB6F007CD7B9 /* LaunchScreen.storyboard */,
				84B07E082859AB6F007CD7B9 /* Info.plist */,
				84B07E092859AB6F007CD7B9 /* main.m */,
			);
			path = TestAVPlayer;
			sourceTree = "<group>";
		};
		84B07E122859AB6F007CD7B9 /* TestAVPlayerTests */ = {
			isa = PBXGroup;
			children = (
				84B07E132859AB6F007CD7B9 /* TestAVPlayerTests.m */,
			);
			path = TestAVPlayerTests;
			sourceTree = "<group>";
		};
		84B07E1C2859AB6F007CD7B9 /* TestAVPlayerUITests */ = {
			isa = PBXGroup;
			children = (
				84B07E1D2859AB6F007CD7B9 /* TestAVPlayerUITests.m */,
				84B07E1F2859AB6F007CD7B9 /* TestAVPlayerUITestsLaunchTests.m */,
			);
			path = TestAVPlayerUITests;
			sourceTree = "<group>";
		};
		84B07E2C2859ACB3007CD7B9 /* Frameworks */ = {
			isa = PBXGroup;
			children = (
				84B07E2D2859ACB3007CD7B9 /* AVKit.framework */,
			);
			name = Frameworks;
			sourceTree = "<group>";
		};
/* End PBXGroup section */

/* Begin PBXNativeTarget section */
		84B07DF32859AB6E007CD7B9 /* TestAVPlayer */ = {
			isa = PBXNativeTarget;
			buildConfigurationList = 84B07E232859AB6F007CD7B9 /* Build configuration list for PBXNativeTarget "TestAVPlayer" */;
			buildPhases = (
				84B07DF02859AB6E007CD7B9 /* Sources */,
				84B07DF12859AB6E007CD7B9 /* Frameworks */,
				84B07DF22859AB6E007CD7B9 /* Resources */,
			);
			buildRules = (
			);
			dependencies = (
			);
			name = TestAVPlayer;
			productName = TestAVPlayer;
			productReference = 84B07DF42859AB6E007CD7B9 /* TestAVPlayer.app */;
			productType = "com.apple.product-type.application";
		};
		84B07E0E2859AB6F007CD7B9 /* TestAVPlayerTests */ = {
			isa = PBXNativeTarget;
			buildConfigurationList = 84B07E262859AB6F007CD7B9 /* Build configuration list for PBXNativeTarget "TestAVPlayerTests" */;
			buildPhases = (
				84B07E0B2859AB6F007CD7B9 /* Sources */,
				84B07E0C2859AB6F007CD7B9 /* Frameworks */,
				84B07E0D2859AB6F007CD7B9 /* Resources */,
			);
			buildRules = (
			);
			dependencies = (
				84B07E112859AB6F007CD7B9 /* PBXTargetDependency */,
			);
			name = TestAVPlayerTests;
			productName = TestAVPlayerTests;
			productReference = 84B07E0F2859AB6F007CD7B9 /* TestAVPlayerTests.xctest */;
			productType = "com.apple.product-type.bundle.unit-test";
		};
		84B07E182859AB6F007CD7B9 /* TestAVPlayerUITests */ = {
			isa = PBXNativeTarget;
			buildConfigurationList = 84B07E292859AB6F007CD7B9 /* Build configuration list for PBXNativeTarget "TestAVPlayerUITests" */;
			buildPhases = (
				84B07E152859AB6F007CD7B9 /* Sources */,
				84B07E162859AB6F007CD7B9 /* Frameworks */,
				84B07E172859AB6F007CD7B9 /* Resources */,
			);
			buildRules = (
			);
			dependencies = (
				84B07E1B2859AB6F007CD7B9 /* PBXTargetDependency */,
			);
			name = TestAVPlayerUITests;
			productName = TestAVPlayerUITests;
			productReference = 84B07E192859AB6F007CD7B9 /* TestAVPlayerUITests.xctest */;
			productType = "com.apple.product-type.bundle.ui-testing";
		};
/* End PBXNativeTarget section */

/* Begin PBXProject section */
		84B07DEC2859AB6E007CD7B9 /* Project object */ = {
			isa = PBXProject;
			attributes = {
				BuildIndependentTargetsInParallel = 1;
				LastUpgradeCheck = 1330;
				TargetAttributes = {
					84B07DF32859AB6E007CD7B9 = {
						CreatedOnToolsVersion = 13.3;
					};
					84B07E0E2859AB6F007CD7B9 = {
						CreatedOnToolsVersion = 13.3;
						TestTargetID = 84B07DF32859AB6E007CD7B9;
					};
					84B07E182859AB6F007CD7B9 = {
						CreatedOnToolsVersion = 13.3;
						TestTargetID = 84B07DF32859AB6E007CD7B9;
					};
				};
			};
			buildConfigurationList = 84B07DEF2859AB6E007CD7B9 /* Build configuration list for PBXProject "TestAVPlayer" */;
			compatibilityVersion = "Xcode 13.0";
			developmentRegion = en;
			hasScannedForEncodings = 0;
			knownRegions = (
				en,
				Base,
			);
			mainGroup = 84B07DEB2859AB6E007CD7B9;
			productRefGroup = 84B07DF52859AB6E007CD7B9 /* Products */;
			projectDirPath = "";
			projectRoot = "";
			targets = (
				84B07DF32859AB6E007CD7B9 /* TestAVPlayer */,
				84B07E0E2859AB6F007CD7B9 /* TestAVPlayerTests */,
				84B07E182859AB6F007CD7B9 /* TestAVPlayerUITests */,
			);
		};
/* End PBXProject section */

/* Begin PBXResourcesBuildPhase section */
		84B07DF22859AB6E007CD7B9 /* Resources */ = {
			isa = PBXResourcesBuildPhase;
			buildActionMask = 2147483647;
			files = (
				84B07E072859AB6F007CD7B9 /* LaunchScreen.storyboard in Resources */,
				84B07E042859AB6F007CD7B9 /* Assets.xcassets in Resources */,
				84B07E022859AB6E007CD7B9 /* Main.storyboard in Resources */,
			);
			runOnlyForDeploymentPostprocessing = 0;
		};
		84B07E0D2859AB6F007CD7B9 /* Resources */ = {
			isa = PBXResourcesBuildPhase;
			buildActionMask = 2147483647;
			files = (
			);
			runOnlyForDeploymentPostprocessing = 0;
		};
		84B07E172859AB6F007CD7B9 /* Resources */ = {
			isa = PBXResourcesBuildPhase;
			buildActionMask = 2147483647;
			files = (
			);
			runOnlyForDeploymentPostprocessing = 0;
		};
/* End PBXResourcesBuildPhase section */

/* Begin PBXSourcesBuildPhase section */
		84B07DF02859AB6E007CD7B9 /* Sources */ = {
			isa = PBXSourcesBuildPhase;
			buildActionMask = 2147483647;
			files = (
				84B07DFF2859AB6E007CD7B9 /* ViewController.m in Sources */,
				84B07DF92859AB6E007CD7B9 /* AppDelegate.m in Sources */,
				84B07E0A2859AB6F007CD7B9 /* main.m in Sources */,
			);
			runOnlyForDeploymentPostprocessing = 0;
		};
		84B07E0B2859AB6F007CD7B9 /* Sources */ = {
			isa = PBXSourcesBuildPhase;
			buildActionMask = 2147483647;
			files = (
				84B07E142859AB6F007CD7B9 /* TestAVPlayerTests.m in Sources */,
			);
			runOnlyForDeploymentPostprocessing = 0;
		};
		84B07E152859AB6F007CD7B9 /* Sources */ = {
			isa = PBXSourcesBuildPhase;
			buildActionMask = 2147483647;
			files = (
				84B07E202859AB6F007CD7B9 /* TestAVPlayerUITestsLaunchTests.m in Sources */,
				84B07E1E2859AB6F007CD7B9 /* TestAVPlayerUITests.m in Sources */,
			);
			runOnlyForDeploymentPostprocessing = 0;
		};
/* End PBXSourcesBuildPhase section */

/* Begin PBXTargetDependency section */
		84B07E112859AB6F007CD7B9 /* PBXTargetDependency */ = {
			isa = PBXTargetDependency;
			target = 84B07DF32859AB6E007CD7B9 /* TestAVPlayer */;
			targetProxy = 84B07E102859AB6F007CD7B9 /* PBXContainerItemProxy */;
		};
		84B07E1B2859AB6F007CD7B9 /* PBXTargetDependency */ = {
			isa = PBXTargetDependency;
			target = 84B07DF32859AB6E007CD7B9 /* TestAVPlayer */;
			targetProxy = 84B07E1A2859AB6F007CD7B9 /* PBXContainerItemProxy */;
		};
/* End PBXTargetDependency section */

/* Begin PBXVariantGroup section */
		84B07E002859AB6E007CD7B9 /* Main.storyboard */ = {
			isa = PBXVariantGroup;
			children = (
				84B07E012859AB6E007CD7B9 /* Base */,
			);
			name = Main.storyboard;
			sourceTree = "<group>";
		};
		84B07E052859AB6F007CD7B9 /* LaunchScreen.storyboard */ = {
			isa = PBXVariantGroup;
			children = (
				84B07E062859AB6F007CD7B9 /* Base */,
			);
			name = LaunchScreen.storyboard;
			sourceTree = "<group>";
		};
/* End PBXVariantGroup section */

/* Begin XCBuildConfiguration section */
		84B07E212859AB6F007CD7B9 /* Debug */ = {
			isa = XCBuildConfiguration;
			buildSettings = {
				ALWAYS_SEARCH_USER_PATHS = NO;
				CLANG_ANALYZER_NONNULL = YES;
				CLANG_ANALYZER_NUMBER_OBJECT_CONVERSION = YES_AGGRESSIVE;
				CLANG_CXX_LANGUAGE_STANDARD = "gnu++17";
				CLANG_ENABLE_MODULES = YES;
				CLANG_ENABLE_OBJC_ARC = YES;
				CLANG_ENABLE_OBJC_WEAK = YES;
				CLANG_WARN_BLOCK_CAPTURE_AUTORELEASING = YES;
				CLANG_WARN_BOOL_CONVERSION = YES;
				CLANG_WARN_COMMA = YES;
				CLANG_WARN_CONSTANT_CONVERSION = YES;
				CLANG_WARN_DEPRECATED_OBJC_IMPLEMENTATIONS = YES;
				CLANG_WARN_DIRECT_OBJC_ISA_USAGE = YES_ERROR;
				CLANG_WARN_DOCUMENTATION_COMMENTS = YES;
				CLANG_WARN_EMPTY_BODY = YES;
				CLANG_WARN_ENUM_CONVERSION = YES;
				CLANG_WARN_INFINITE_RECURSION = YES;
				CLANG_WARN_INT_CONVERSION = YES;
				CLANG_WARN_NON_LITERAL_NULL_CONVERSION = YES;
				CLANG_WARN_OBJC_IMPLICIT_RETAIN_SELF = YES;
				CLANG_WARN_OBJC_LITERAL_CONVERSION = YES;
				CLANG_WARN_OBJC_ROOT_CLASS = YES_ERROR;
				CLANG_WARN_QUOTED_INCLUDE_IN_FRAMEWORK_HEADER = YES;
				CLANG_WARN_RANGE_LOOP_ANALYSIS = YES;
				CLANG_WARN_STRICT_PROTOTYPES = YES;
				CLANG_WARN_SUSPICIOUS_MOVE = YES;
				CLANG_WARN_UNGUARDED_AVAILABILITY = YES_AGGRESSIVE;
				CLANG_WARN_UNREACHABLE_CODE = YES;
				CLANG_WARN__DUPLICATE_METHOD_MATCH = YES;
				COPY_PHASE_STRIP = NO;
				DEBUG_INFORMATION_FORMAT = dwarf;
				ENABLE_STRICT_OBJC_MSGSEND = YES;
				ENABLE_TESTABILITY = YES;
				GCC_C_LANGUAGE_STANDARD = gnu11;
				GCC_DYNAMIC_NO_PIC = NO;
				GCC_NO_COMMON_BLOCKS = YES;
				GCC_OPTIMIZATION_LEVEL = 0;
				GCC_PREPROCESSOR_DEFINITIONS = (
					"DEBUG=1",
					"$(inherited)",
				);
				GCC_WARN_64_TO_32_BIT_CONVERSION = YES;
				GCC_WARN_ABOUT_RETURN_TYPE = YES_ERROR;
				GCC_WARN_UNDECLARED_SELECTOR = YES;
				GCC_WARN_UNINITIALIZED_AUTOS = YES_AGGRESSIVE;
				GCC_WARN_UNUSED_FUNCTION = YES;
				GCC_WARN_UNUSED_VARIABLE = YES;
				IPHONEOS_DEPLOYMENT_TARGET = 15.4;
				MTL_ENABLE_DEBUG_INFO = INCLUDE_SOURCE;
				MTL_FAST_MATH = YES;
				ONLY_ACTIVE_ARCH = YES;
				SDKROOT = iphoneos;
			};
			name = Debug;
		};
		84B07E222859AB6F007CD7B9 /* Release */ = {
			isa = XCBuildConfiguration;
			buildSettings = {
				ALWAYS_SEARCH_USER_PATHS = NO;
				CLANG_ANALYZER_NONNULL = YES;
				CLANG_ANALYZER_NUMBER_OBJECT_CONVERSION = YES_AGGRESSIVE;
				CLANG_CXX_LANGUAGE_STANDARD = "gnu++17";
				CLANG_ENABLE_MODULES = YES;
				CLANG_ENABLE_OBJC_ARC = YES;
				CLANG_ENABLE_OBJC_WEAK = YES;
				CLANG_WARN_BLOCK_CAPTURE_AUTORELEASING = YES;
				CLANG_WARN_BOOL_CONVERSION = YES;
				CLANG_WARN_COMMA = YES;
				CLANG_WARN_CONSTANT_CONVERSION = YES;
				CLANG_WARN_DEPRECATED_OBJC_IMPLEMENTATIONS = YES;
				CLANG_WARN_DIRECT_OBJC_ISA_USAGE = YES_ERROR;
				CLANG_WARN_DOCUMENTATION_COMMENTS = YES;
				CLANG_WARN_EMPTY_BODY = YES;
				CLANG_WARN_ENUM_CONVERSION = YES;
				CLANG_WARN_INFINITE_RECURSION = YES;
				CLANG_WARN_INT_CONVERSION = YES;
				CLANG_WARN_NON_LITERAL_NULL_CONVERSION = YES;
				CLANG_WARN_OBJC_IMPLICIT_RETAIN_SELF = YES;
				CLANG_WARN_OBJC_LITERAL_CONVERSION = YES;
				CLANG_WARN_OBJC_ROOT_CLASS = YES_ERROR;
				CLANG_WARN_QUOTED_INCLUDE_IN_FRAMEWORK_HEADER = YES;
				CLANG_WARN_RANGE_LOOP_ANALYSIS = YES;
				CLANG_WARN_STRICT_PROTOTYPES = YES;
				CLANG_WARN_SUSPICIOUS_MOVE = YES;
				CLANG_WARN_UNGUARDED_AVAILABILITY = YES_AGGRESSIVE;
				CLANG_WARN_UNREACHABLE_CODE = YES;
				CLANG_WARN__DUPLICATE_METHOD_MATCH = YES;
				COPY_PHASE_STRIP = NO;
				DEBUG_INFORMATION_FORMAT = "dwarf-with-dsym";
				ENABLE_NS_ASSERTIONS = NO;
				ENABLE_STRICT_OBJC_MSGSEND = YES;
				GCC_C_LANGUAGE_STANDARD = gnu11;
				GCC_NO_COMMON_BLOCKS = YES;
				GCC_WARN_64_TO_32_BIT_CONVERSION = YES;
				GCC_WARN_ABOUT_RETURN_TYPE = YES_ERROR;
				GCC_WARN_UNDECLARED_SELECTOR = YES;
				GCC_WARN_UNINITIALIZED_AUTOS = YES_AGGRESSIVE;
				GCC_WARN_UNUSED_FUNCTION = YES;
				GCC_WARN_UNUSED_VARIABLE = YES;
				IPHONEOS_DEPLOYMENT_TARGET = 15.4;
				MTL_ENABLE_DEBUG_INFO = NO;
				MTL_FAST_MATH = YES;
				SDKROOT = iphoneos;
				VALIDATE_PRODUCT = YES;
			};
			name = Release;
		};
		84B07E242859AB6F007CD7B9 /* Debug */ = {
			isa = XCBuildConfiguration;
			buildSettings = {
				ASSETCATALOG_COMPILER_APPICON_NAME = AppIcon;
				ASSETCATALOG_COMPILER_GLOBAL_ACCENT_COLOR_NAME = AccentColor;
				CODE_SIGN_STYLE = Automatic;
				CURRENT_PROJECT_VERSION = 1;
				GENERATE_INFOPLIST_FILE = YES;
				INFOPLIST_FILE = TestAVPlayer/Info.plist;
				INFOPLIST_KEY_UIApplicationSupportsIndirectInputEvents = YES;
				INFOPLIST_KEY_UILaunchStoryboardName = LaunchScreen;
				INFOPLIST_KEY_UIMainStoryboardFile = Main;
				INFOPLIST_KEY_UISupportedInterfaceOrientations_iPad = "UIInterfaceOrientationPortrait UIInterfaceOrientationPortraitUpsideDown UIInterfaceOrientationLandscapeLeft UIInterfaceOrientationLandscapeRight";
				INFOPLIST_KEY_UISupportedInterfaceOrientations_iPhone = "UIInterfaceOrientationPortrait UIInterfaceOrientationLandscapeLeft UIInterfaceOrientationLandscapeRight";
				LD_RUNPATH_SEARCH_PATHS = (
					"$(inherited)",
					"@executable_path/Frameworks",
				);
				MARKETING_VERSION = 1.0;
				PRODUCT_BUNDLE_IDENTIFIER = com.test.TestAVPlayer;
				PRODUCT_NAME = "$(TARGET_NAME)";
				SWIFT_EMIT_LOC_STRINGS = YES;
				TARGETED_DEVICE_FAMILY = "1,2";
			};
			name = Debug;
		};
		84B07E252859AB6F007CD7B9 /* Release */ = {
			isa = XCBuildConfiguration;
			buildSettings = {
				ASSETCATALOG_COMPILER_APPICON_NAME = AppIcon;
				ASSETCATALOG_COMPILER_GLOBAL_ACCENT_COLOR_NAME = AccentColor;
				CODE_SIGN_STYLE = Automatic;
				CURRENT_PROJECT_VERSION = 1;
				GENERATE_INFOPLIST_FILE = YES;
				INFOPLIST_FILE = TestAVPlayer/Info.plist;
				INFOPLIST_KEY_UIApplicationSupportsIndirectInputEvents = YES;
				INFOPLIST_KEY_UILaunchStoryboardName = LaunchScreen;
				INFOPLIST_KEY_UIMainStoryboardFile = Main;
				INFOPLIST_KEY_UISupportedInterfaceOrientations_iPad = "UIInterfaceOrientationPortrait UIInterfaceOrientationPortraitUpsideDown UIInterfaceOrientationLandscapeLeft UIInterfaceOrientationLandscapeRight";
				INFOPLIST_KEY_UISupportedInterfaceOrientations_iPhone = "UIInterfaceOrientationPortrait UIInterfaceOrientationLandscapeLeft UIInterfaceOrientationLandscapeRight";
				LD_RUNPATH_SEARCH_PATHS = (
					"$(inherited)",
					"@executable_path/Frameworks",
				);
				MARKETING_VERSION = 1.0;
				PRODUCT_BUNDLE_IDENTIFIER = com.test.TestAVPlayer;
				PRODUCT_NAME = "$(TARGET_NAME)";
				SWIFT_EMIT_LOC_STRINGS = YES;
				TARGETED_DEVICE_FAMILY = "1,2";
			};
			name = Release;
		};
		84B07E272859AB6F007CD7B9 /* Debug */ = {
			isa = XCBuildConfiguration;
			buildSettings = {
				BUNDLE_LOADER = "$(TEST_HOST)";
				CODE_SIGN_STYLE = Automatic;
				CURRENT_PROJECT_VERSION = 1;
				GENERATE_INFOPLIST_FILE = YES;
				IPHONEOS_DEPLOYMENT_TARGET = 15.4;
				MARKETING_VERSION = 1.0;
				PRODUCT_BUNDLE_IDENTIFIER = com.test.TestAVPlayerTests;
				PRODUCT_NAME = "$(TARGET_NAME)";
				SWIFT_EMIT_LOC_STRINGS = NO;
				TARGETED_DEVICE_FAMILY = "1,2";
				TEST_HOST = "$(BUILT_PRODUCTS_DIR)/TestAVPlayer.app/TestAVPlayer";
			};
			name = Debug;
		};
		84B07E282859AB6F007CD7B9 /* Release */ = {
			isa = XCBuildConfiguration;
			buildSettings = {
				BUNDLE_LOADER = "$(TEST_HOST)";
				CODE_SIGN_STYLE = Automatic;
				CURRENT_PROJECT_VERSION = 1;
				GENERATE_INFOPLIST_FILE = YES;
				IPHONEOS_DEPLOYMENT_TARGET = 15.4;
				MARKETING_VERSION = 1.0;
				PRODUCT_BUNDLE_IDENTIFIER = com.test.TestAVPlayerTests;
				PRODUCT_NAME = "$(TARGET_NAME)";
				SWIFT_EMIT_LOC_STRINGS = NO;
				TARGETED_DEVICE_FAMILY = "1,2";
				TEST_HOST = "$(BUILT_PRODUCTS_DIR)/TestAVPlayer.app/TestAVPlayer";
			};
			name = Release;
		};
		84B07E2A2859AB6F007CD7B9 /* Debug */ = {
			isa = XCBuildConfiguration;
			buildSettings = {
				CODE_SIGN_STYLE = Automatic;
				CURRENT_PROJECT_VERSION = 1;
				GENERATE_INFOPLIST_FILE = YES;
				MARKETING_VERSION = 1.0;
				PRODUCT_BUNDLE_IDENTIFIER = com.test.TestAVPlayerUITests;
				PRODUCT_NAME = "$(TARGET_NAME)";
				SWIFT_EMIT_LOC_STRINGS = NO;
				TARGETED_DEVICE_FAMILY = "1,2";
				TEST_TARGET_NAME = TestAVPlayer;
			};
			name = Debug;
		};
		84B07E2B2859AB6F007CD7B9 /* Release */ = {
			isa = XCBuildConfiguration;
			buildSettings = {
				CODE_SIGN_STYLE = Automatic;
				CURRENT_PROJECT_VERSION = 1;
				GENERATE_INFOPLIST_FILE = YES;
				MARKETING_VERSION = 1.0;
				PRODUCT_BUNDLE_IDENTIFIER = com.test.TestAVPlayerUITests;
				PRODUCT_NAME = "$(TARGET_NAME)";
				SWIFT_EMIT_LOC_STRINGS = NO;
				TARGETED_DEVICE_FAMILY = "1,2";
				TEST_TARGET_NAME = TestAVPlayer;
			};
			name = Release;
		};
/* End XCBuildConfiguration section */

/* Begin XCConfigurationList section */
		84B07DEF2859AB6E007CD7B9 /* Build configuration list for PBXProject "TestAVPlayer" */ = {
			isa = XCConfigurationList;
			buildConfigurations = (
				84B07E212859AB6F007CD7B9 /* Debug */,
				84B07E222859AB6F007CD7B9 /* Release */,
			);
			defaultConfigurationIsVisible = 0;
			defaultConfigurationName = Release;
		};
		84B07E232859AB6F007CD7B9 /* Build configuration list for PBXNativeTarget "TestAVPlayer" */ = {
			isa = XCConfigurationList;
			buildConfigurations = (
				84B07E242859AB6F007CD7B9 /* Debug */,
				84B07E252859AB6F007CD7B9 /* Release */,
			);
			defaultConfigurationIsVisible = 0;
			defaultConfigurationName = Release;
		};
		84B07E262859AB6F007CD7B9 /* Build configuration list for PBXNativeTarget "TestAVPlayerTests" */ = {
			isa = XCConfigurationList;
			buildConfigurations = (
				84B07E272859AB6F007CD7B9 /* Debug */,
				84B07E282859AB6F007CD7B9 /* Release */,
			);
			defaultConfigurationIsVisible = 0;
			defaultConfigurationName = Release;
		};
		84B07E292859AB6F007CD7B9 /* Build configuration list for PBXNativeTarget "TestAVPlayerUITests" */ = {
			isa = XCConfigurationList;
			buildConfigurations = (
				84B07E2A2859AB6F007CD7B9 /* Debug */,
				84B07E2B2859AB6F007CD7B9 /* Release */,
			);
			defaultConfigurationIsVisible = 0;
			defaultConfigurationName = Release;
		};
/* End XCConfigurationList section */
	};
	rootObject = 84B07DEC2859AB6E007CD7B9 /* Project object */;
}
